
Microsoft Visual Studio Solution File, Format Version 12.00
# Visual Studio Version 16
VisualStudioVersion = 16.0.31729.503
MinimumVisualStudioVersion = 10.0.40219.1
Project("{FAE04EC0-301F-11D3-BF4B-00C04F79EFBC}") = "NaverBlogIdCrawling", "NaverBlogIdCrawling\NaverBlogIdCrawling.csproj", "{7EBB39BF-0726-40E2-9C5E-874246778B64}"
EndProject
Global
	GlobalSection(SolutionConfigurationPlatforms) = preSolution
		Debug|Any CPU = Debug|Any CPU
		Release|Any CPU = Release|Any CPU
	EndGlobalSection
	GlobalSection(ProjectConfigurationPlatforms) = postSolution
		{7EBB39BF-0726-40E2-9C5E-874246778B64}.Debug|Any CPU.ActiveCfg = Debug|Any CPU
		{7EBB39BF-0726-40E2-9C5E-874246778B64}.Debug|Any CPU.Build.0 = Debug|Any CPU
		{7EBB39BF-0726-40E2-9C5E-874246778B64}.Release|Any CPU.ActiveCfg = Release|Any CPU
		{7EBB39BF-0726-40E2-9C5E-874246778B64}.Release|Any CPU.Build.0 = Release|Any CPU
	EndGlobalSection
	GlobalSection(SolutionProperties) = preSolution
		HideSolutionNode = FALSE
	EndGlobalSection
	GlobalSection(ExtensibilityGlobals) = postSolution
		SolutionGuid = {8275B755-6ADB-41AE-A236-48308142D1BE}
	EndGlobalSection
EndGlobal
